{
  "name": "pseo-content-engine",
  "version": "0.1.0",
  "lockfileVersion": 3,
  "requires": true,
  "packages": {
    "": {
      "name": "pseo-content-engine",
      "version": "0.1.0",
      "workspaces": [
        "packages/*"
      ]
    },
    "node_modules/@csessh/sochumenh": {
      "version": "0.3.0",
      "resolved": "https://registry.npmjs.org/@csessh/sochumenh/-/sochumenh-0.3.0.tgz",
      "integrity": "sha512-scB6AoRzYyhtx//2ccMPQqGUAPvZP4j65LKeXUOfubXF4HMvI1fzZ/fCAhoj3EjMw6TcjchoIM0bwtYxOlU2CA==",
      "dev": true,
      "license": "MIT",
      "engines": {
        "node": ">=18"
      }
    },
    "node_modules/@pseo/numerology-core": {
      "resolved": "packages/numerology-core",
      "link": true
    },
    "node_modules/@pseo/tu-tru-client": {
      "resolved": "packages/tu-tru-client",
      "link": true
    },
    "node_modules/typescript": {
      "version": "5.6.3",
      "resolved": "https://registry.npmjs.org/typescript/-/typescript-5.6.3.tgz",
      "integrity": "sha512-hjcS1mhfuyi4WW8IWtjP7brDrG2cuDZukyrYrSauoXGNgx0S7zceP07adYkJycEr56BOUTNPzbInooiN3fn1qw==",
      "dev": true,
      "license": "Apache-2.0",
      "bin": {
        "tsc": "bin/tsc",
        "tsserver": "bin/tsserver"
      },
      "engines": {
        "node": ">=14.17"
      }
    },
    "packages/numerology-core": {
      "name": "@pseo/numerology-core",
      "version": "0.1.0",
      "license": "UNLICENSED",
      "devDependencies": {
        "@csessh/sochumenh": "^0.3.0",
        "typescript": "^5.6.3"
      }
    },
    "packages/tu-tru-client": {
      "name": "@pseo/tu-tru-client",
      "version": "0.1.0",
      "license": "UNLICENSED",
      "devDependencies": {
        "typescript": "^5.6.3"
      }
    }
  }
}
